
Microsoft Visual Studio Solution File, Format Version 12.00
# Visual Studio Version 16
VisualStudioVersion = 16.0.29728.190
MinimumVisualStudioVersion = 10.0.40219.1
Project("{FAE04EC0-301F-11D3-BF4B-00C04F79EFBC}") = "ImproveGroup", "ImproveGroup\ImproveGroup.csproj", "{BA93A25F-2DC6-4AC0-A1B3-2BBB67DF15F3}"
EndProject
Project("{FAE04EC0-301F-11D3-BF4B-00C04F79EFBC}") = "IG_NewBidSheetForChangeOrder", "IG_NewBidSheetForChangeOrder\IG_NewBidSheetForChangeOrder.csproj", "{B05BD776-6C75-420B-9AD4-58CC83DA3549}"
EndProject
Project("{FAE04EC0-301F-11D3-BF4B-00C04F79EFBC}") = "IG_UpdateProjectRecordStatus", "IG_UpdateProjectRecordStatus\IG_UpdateProjectRecordStatus.csproj", "{A5D6F4DB-4F25-471A-93D9-560BD3C5F055}"
EndProject
Project("{F14B399A-7131-4C87-9E4B-1186C45EF12D}") = "Reports", "Reports\Reports.rptproj", "{9826C8DD-8207-4D2C-9539-1171089CD55B}"
EndProject
Project("{FAE04EC0-301F-11D3-BF4B-00C04F79EFBC}") = "IG_Calculate Est. Pay Date", "Calculate Est. Pay Date\IG_Calculate Est. Pay Date.csproj", "{4AB3FC40-F861-4CC1-8D69-39ABF496453B}"
EndProject
Project("{FAE04EC0-301F-11D3-BF4B-00C04F79EFBC}") = "IG_FilterQuickBooksBills", "IG_FilterQuickBooksBills\IG_FilterQuickBooksBills.csproj", "{E064F0A7-A17B-4FF5-9166-02BBEC468659}"
EndProject
Project("{FAE04EC0-301F-11D3-BF4B-00C04F79EFBC}") = "IG_Update Actual Cost And Actual Hours Type Project Record", "IG_Update Actual Cost And Actual Hours Type Project Record\IG_Update Actual Cost And Actual Hours Type Project Record.csproj", "{A30F998D-DA68-4D5F-BBB6-E9A22E1A7B2C}"
EndProject
Project("{FAE04EC0-301F-11D3-BF4B-00C04F79EFBC}") = "IG_CalculateTax", "IG_CalculateTax\IG_CalculateTax.csproj", "{102B5501-5501-403F-9044-F09DDE5644DF}"
EndProject
Global
	GlobalSection(SolutionConfigurationPlatforms) = preSolution
		Debug|Any CPU = Debug|Any CPU
		DebugLocal|Any CPU = DebugLocal|Any CPU
		Release|Any CPU = Release|Any CPU
	EndGlobalSection
	GlobalSection(ProjectConfigurationPlatforms) = postSolution
		{BA93A25F-2DC6-4AC0-A1B3-2BBB67DF15F3}.Debug|Any CPU.ActiveCfg = Debug|Any CPU
		{BA93A25F-2DC6-4AC0-A1B3-2BBB67DF15F3}.Debug|Any CPU.Build.0 = Debug|Any CPU
		{BA93A25F-2DC6-4AC0-A1B3-2BBB67DF15F3}.DebugLocal|Any CPU.ActiveCfg = Debug|Any CPU
		{BA93A25F-2DC6-4AC0-A1B3-2BBB67DF15F3}.DebugLocal|Any CPU.Build.0 = Debug|Any CPU
		{BA93A25F-2DC6-4AC0-A1B3-2BBB67DF15F3}.Release|Any CPU.ActiveCfg = Release|Any CPU
		{BA93A25F-2DC6-4AC0-A1B3-2BBB67DF15F3}.Release|Any CPU.Build.0 = Release|Any CPU
		{B05BD776-6C75-420B-9AD4-58CC83DA3549}.Debug|Any CPU.ActiveCfg = Debug|Any CPU
		{B05BD776-6C75-420B-9AD4-58CC83DA3549}.Debug|Any CPU.Build.0 = Debug|Any CPU
		{B05BD776-6C75-420B-9AD4-58CC83DA3549}.DebugLocal|Any CPU.ActiveCfg = Debug|Any CPU
		{B05BD776-6C75-420B-9AD4-58CC83DA3549}.DebugLocal|Any CPU.Build.0 = Debug|Any CPU
		{B05BD776-6C75-420B-9AD4-58CC83DA3549}.Release|Any CPU.ActiveCfg = Release|Any CPU
		{B05BD776-6C75-420B-9AD4-58CC83DA3549}.Release|Any CPU.Build.0 = Release|Any CPU
		{A5D6F4DB-4F25-471A-93D9-560BD3C5F055}.Debug|Any CPU.ActiveCfg = Debug|Any CPU
		{A5D6F4DB-4F25-471A-93D9-560BD3C5F055}.Debug|Any CPU.Build.0 = Debug|Any CPU
		{A5D6F4DB-4F25-471A-93D9-560BD3C5F055}.DebugLocal|Any CPU.ActiveCfg = Debug|Any CPU
		{A5D6F4DB-4F25-471A-93D9-560BD3C5F055}.DebugLocal|Any CPU.Build.0 = Debug|Any CPU
		{A5D6F4DB-4F25-471A-93D9-560BD3C5F055}.Release|Any CPU.ActiveCfg = Release|Any CPU
		{A5D6F4DB-4F25-471A-93D9-560BD3C5F055}.Release|Any CPU.Build.0 = Release|Any CPU
		{9826C8DD-8207-4D2C-9539-1171089CD55B}.Debug|Any CPU.ActiveCfg = Debug
		{9826C8DD-8207-4D2C-9539-1171089CD55B}.Debug|Any CPU.Build.0 = Debug
		{9826C8DD-8207-4D2C-9539-1171089CD55B}.Debug|Any CPU.Deploy.0 = Debug
		{9826C8DD-8207-4D2C-9539-1171089CD55B}.DebugLocal|Any CPU.ActiveCfg = DebugLocal
		{9826C8DD-8207-4D2C-9539-1171089CD55B}.DebugLocal|Any CPU.Build.0 = DebugLocal
		{9826C8DD-8207-4D2C-9539-1171089CD55B}.Release|Any CPU.ActiveCfg = Release
		{9826C8DD-8207-4D2C-9539-1171089CD55B}.Release|Any CPU.Build.0 = Release
		{9826C8DD-8207-4D2C-9539-1171089CD55B}.Release|Any CPU.Deploy.0 = Release
		{4AB3FC40-F861-4CC1-8D69-39ABF496453B}.Debug|Any CPU.ActiveCfg = Debug|Any CPU
		{4AB3FC40-F861-4CC1-8D69-39ABF496453B}.Debug|Any CPU.Build.0 = Debug|Any CPU
		{4AB3FC40-F861-4CC1-8D69-39ABF496453B}.DebugLocal|Any CPU.ActiveCfg = Debug|Any CPU
		{4AB3FC40-F861-4CC1-8D69-39ABF496453B}.DebugLocal|Any CPU.Build.0 = Debug|Any CPU
		{4AB3FC40-F861-4CC1-8D69-39ABF496453B}.Release|Any CPU.ActiveCfg = Release|Any CPU
		{4AB3FC40-F861-4CC1-8D69-39ABF496453B}.Release|Any CPU.Build.0 = Release|Any CPU
		{E064F0A7-A17B-4FF5-9166-02BBEC468659}.Debug|Any CPU.ActiveCfg = Debug|Any CPU
		{E064F0A7-A17B-4FF5-9166-02BBEC468659}.Debug|Any CPU.Build.0 = Debug|Any CPU
		{E064F0A7-A17B-4FF5-9166-02BBEC468659}.DebugLocal|Any CPU.ActiveCfg = Debug|Any CPU
		{E064F0A7-A17B-4FF5-9166-02BBEC468659}.DebugLocal|Any CPU.Build.0 = Debug|Any CPU
		{E064F0A7-A17B-4FF5-9166-02BBEC468659}.Release|Any CPU.ActiveCfg = Release|Any CPU
		{E064F0A7-A17B-4FF5-9166-02BBEC468659}.Release|Any CPU.Build.0 = Release|Any CPU
		{A30F998D-DA68-4D5F-BBB6-E9A22E1A7B2C}.Debug|Any CPU.ActiveCfg = Debug|Any CPU
		{A30F998D-DA68-4D5F-BBB6-E9A22E1A7B2C}.Debug|Any CPU.Build.0 = Debug|Any CPU
		{A30F998D-DA68-4D5F-BBB6-E9A22E1A7B2C}.DebugLocal|Any CPU.ActiveCfg = Debug|Any CPU
		{A30F998D-DA68-4D5F-BBB6-E9A22E1A7B2C}.DebugLocal|Any CPU.Build.0 = Debug|Any CPU
		{A30F998D-DA68-4D5F-BBB6-E9A22E1A7B2C}.Release|Any CPU.ActiveCfg = Release|Any CPU
		{A30F998D-DA68-4D5F-BBB6-E9A22E1A7B2C}.Release|Any CPU.Build.0 = Release|Any CPU
		{102B5501-5501-403F-9044-F09DDE5644DF}.Debug|Any CPU.ActiveCfg = Debug|Any CPU
		{102B5501-5501-403F-9044-F09DDE5644DF}.Debug|Any CPU.Build.0 = Debug|Any CPU
		{102B5501-5501-403F-9044-F09DDE5644DF}.DebugLocal|Any CPU.ActiveCfg = Debug|Any CPU
		{102B5501-5501-403F-9044-F09DDE5644DF}.DebugLocal|Any CPU.Build.0 = Debug|Any CPU
		{102B5501-5501-403F-9044-F09DDE5644DF}.Release|Any CPU.ActiveCfg = Release|Any CPU
		{102B5501-5501-403F-9044-F09DDE5644DF}.Release|Any CPU.Build.0 = Release|Any CPU
	EndGlobalSection
	GlobalSection(SolutionProperties) = preSolution
		HideSolutionNode = FALSE
	EndGlobalSection
	GlobalSection(ExtensibilityGlobals) = postSolution
		SolutionGuid = {90E8652E-79B2-43A5-9EE9-8DA24B8D8D4A}
	EndGlobalSection
EndGlobal
