
Microsoft Visual Studio Solution File, Format Version 12.00
# Visual Studio Version 16
VisualStudioVersion = 16.0.30225.117
MinimumVisualStudioVersion = 10.0.40219.1
Project("{FAE04EC0-301F-11D3-BF4B-00C04F79EFBC}") = "ImproveGroup", "ImproveGroup\ImproveGroup.csproj", "{BA93A25F-2DC6-4AC0-A1B3-2BBB67DF15F3}"
EndProject
Project("{FAE04EC0-301F-11D3-BF4B-00C04F79EFBC}") = "IG_NewBidSheetForChangeOrder", "IG_NewBidSheetForChangeOrder\IG_NewBidSheetForChangeOrder.csproj", "{B05BD776-6C75-420B-9AD4-58CC83DA3549}"
EndProject
Project("{FAE04EC0-301F-11D3-BF4B-00C04F79EFBC}") = "IG_UpdateProjectRecordStatus", "IG_UpdateProjectRecordStatus\IG_UpdateProjectRecordStatus.csproj", "{A5D6F4DB-4F25-471A-93D9-560BD3C5F055}"
EndProject
Project("{FAE04EC0-301F-11D3-BF4B-00C04F79EFBC}") = "IG_Calculate Est. Pay Date", "Calculate Est. Pay Date\IG_Calculate Est. Pay Date.csproj", "{4AB3FC40-F861-4CC1-8D69-39ABF496453B}"
EndProject
Project("{FAE04EC0-301F-11D3-BF4B-00C04F79EFBC}") = "IG_FilterQuickBooksBills", "IG_FilterQuickBooksBills\IG_FilterQuickBooksBills.csproj", "{E064F0A7-A17B-4FF5-9166-02BBEC468659}"
EndProject
Project("{FAE04EC0-301F-11D3-BF4B-00C04F79EFBC}") = "IG_Update Actual Cost And Actual Hours Type Project Record", "IG_Update Actual Cost And Actual Hours Type Project Record\IG_Update Actual Cost And Actual Hours Type Project Record.csproj", "{A30F998D-DA68-4D5F-BBB6-E9A22E1A7B2C}"
EndProject
Project("{FAE04EC0-301F-11D3-BF4B-00C04F79EFBC}") = "IG_ImproveGroup_Web_API", "IG_CalculateTax\IG_ImproveGroup_Web_API.csproj", "{102B5501-5501-403F-9044-F09DDE5644DF}"
EndProject
Project("{FAE04EC0-301F-11D3-BF4B-00C04F79EFBC}") = "IG_FetchAvalaraConfiguration", "IG_FetchAvalaraConfiguration\IG_FetchAvalaraConfiguration.csproj", "{54DC7178-4449-4099-8A65-D65E44AE16CB}"
EndProject
Project("{FAE04EC0-301F-11D3-BF4B-00C04F79EFBC}") = "IG_FilterProductBasedOnCategory", "IG_FilterProductBasedOnCategory\IG_FilterProductBasedOnCategory.csproj", "{1EAC9D16-0318-469A-9C33-0DBAADB837BF}"
EndProject
Project("{FAE04EC0-301F-11D3-BF4B-00C04F79EFBC}") = "IG_CreateTemplateFromBidSheet", "IG_CreateTemplateFromBidSheet\IG_CreateTemplateFromBidSheet.csproj", "{57E5B907-FBA0-422F-AA96-BA6E4D043E2D}"
EndProject
Project("{FAE04EC0-301F-11D3-BF4B-00C04F79EFBC}") = "IG_CreateBidSheetFromTemplate", "IG_CreateBidSheetFromTemplate\IG_CreateBidSheetFromTemplate.csproj", "{15842C02-01A3-4C41-AEF1-7F3FD4F0C8EC}"
EndProject
Project("{FAE04EC0-301F-11D3-BF4B-00C04F79EFBC}") = "IG_CalculateSDT", "IG_CalculateSDT\IG_CalculateSDT.csproj", "{32F8B4F8-9717-4CEB-8330-BF19E2D308C6}"
EndProject
Project("{FAE04EC0-301F-11D3-BF4B-00C04F79EFBC}") = "IG_ReviseBidSheet", "IG_ReviseBidSheet\IG_ReviseBidSheet.csproj", "{121F114B-E3FD-47EE-80DB-060D9D838284}"
EndProject
Project("{FAE04EC0-301F-11D3-BF4B-00C04F79EFBC}") = "IG_ActivateBidSheet", "IG_ActivateBidSheet\IG_ActivateBidSheet.csproj", "{E289F2F2-B232-46CA-B275-B18CC4EE8761}"
EndProject
Project("{FAE04EC0-301F-11D3-BF4B-00C04F79EFBC}") = "IG_AutomateOpportunityBusinessProcess", "IG_AutomateOpportunitySalesProcess\IG_AutomateOpportunityBusinessProcess.csproj", "{06BBF2AF-54C0-4B6C-8ABB-9A870338489C}"
EndProject
Project("{FAE04EC0-301F-11D3-BF4B-00C04F79EFBC}") = "IG_IndirectCost", "IG_IndirectCost\IG_IndirectCost.csproj", "{4B47E5C0-D582-4F31-855D-D9B17629A84D}"
EndProject
Project("{FAE04EC0-301F-11D3-BF4B-00C04F79EFBC}") = "IG_CalculateLaborCost", "IG_CalculateLaborCost\IG_CalculateLaborCost.csproj", "{58AD1E6B-23AD-4A18-A373-F2BF62C60DA0}"
EndProject
Project("{FAE04EC0-301F-11D3-BF4B-00C04F79EFBC}") = "IG_DeleteBidSheet", "IG_DeleteBidSheet\IG_DeleteBidSheet.csproj", "{C2EAD022-32BB-43AC-9B8B-4CD21F91CEB2}"
EndProject
Project("{FAE04EC0-301F-11D3-BF4B-00C04F79EFBC}") = "IG_UpdateFinanceTabValues", "IG_UpdateFinanceTabValues\IG_UpdateFinanceTabValues.csproj", "{8C5111B7-AC6C-4203-A3F3-381FAD6BAB4D}"
EndProject
Project("{FAE04EC0-301F-11D3-BF4B-00C04F79EFBC}") = "IG_CalculateProjectRecordTotals", "IG_CalculateProjectRecordTotals\IG_CalculateProjectRecordTotals.csproj", "{E270646F-EBC5-47A0-A413-2CCA0AD9B9DF}"
EndProject
Project("{FAE04EC0-301F-11D3-BF4B-00C04F79EFBC}") = "OpportunityPricelist_New", "OpportunityPricelist_New\OpportunityPricelist_New.csproj", "{1818896D-6D58-4262-87C8-DB3E6FCA5EB3}"
EndProject
Project("{FAE04EC0-301F-11D3-BF4B-00C04F79EFBC}") = "IG_ReopenBidSheet", "IG_ReopenBidSheet\IG_ReopenBidSheet.csproj", "{CD91DFBB-F49B-45E3-A395-CD7EE2403BDE}"
EndProject
Project("{FAE04EC0-301F-11D3-BF4B-00C04F79EFBC}") = "IG_UpdateFreightAndGPToOpp", "IG_UpdateFreightAndGPToOpp\IG_UpdateFreightAndGPToOpp.csproj", "{07F7B5D0-4D97-4C75-BD16-9973EA2EBE4C}"
EndProject
Project("{FAE04EC0-301F-11D3-BF4B-00C04F79EFBC}") = "IG_GetBidsheetDefault", "IG_GetBidsheetDefault\IG_GetBidsheetDefault.csproj", "{0F2DE1BC-BB8F-4822-8D0A-ACF7F26C359F}"
EndProject
Project("{F14B399A-7131-4C87-9E4B-1186C45EF12D}") = "Reports", "Reports\Reports.rptproj", "{6F83FCA3-9823-4572-AFD0-890740D37000}"
EndProject
Project("{FAE04EC0-301F-11D3-BF4B-00C04F79EFBC}") = "IG_CloneOpportunity", "IG_CloneOpportunity\IG_CloneOpportunity.csproj", "{4EC480B3-3C21-4C96-A6B2-58E45047CB49}"
EndProject
Project("{FAE04EC0-301F-11D3-BF4B-00C04F79EFBC}") = "IG_UpdateDetailsFromAccountToOpportunity", "IG_UpdateDetailsFromAccountToOpportunity\IG_UpdateDetailsFromAccountToOpportunity.csproj", "{8F25D8B4-F513-473E-8B5E-22E2B01B23D1}"
EndProject
Global
	GlobalSection(SolutionConfigurationPlatforms) = preSolution
		Debug|Any CPU = Debug|Any CPU
		DebugLocal|Any CPU = DebugLocal|Any CPU
		Release|Any CPU = Release|Any CPU
	EndGlobalSection
	GlobalSection(ProjectConfigurationPlatforms) = postSolution
		{BA93A25F-2DC6-4AC0-A1B3-2BBB67DF15F3}.Debug|Any CPU.ActiveCfg = Debug|Any CPU
		{BA93A25F-2DC6-4AC0-A1B3-2BBB67DF15F3}.Debug|Any CPU.Build.0 = Debug|Any CPU
		{BA93A25F-2DC6-4AC0-A1B3-2BBB67DF15F3}.DebugLocal|Any CPU.ActiveCfg = Debug|Any CPU
		{BA93A25F-2DC6-4AC0-A1B3-2BBB67DF15F3}.DebugLocal|Any CPU.Build.0 = Debug|Any CPU
		{BA93A25F-2DC6-4AC0-A1B3-2BBB67DF15F3}.Release|Any CPU.ActiveCfg = Release|Any CPU
		{BA93A25F-2DC6-4AC0-A1B3-2BBB67DF15F3}.Release|Any CPU.Build.0 = Release|Any CPU
		{B05BD776-6C75-420B-9AD4-58CC83DA3549}.Debug|Any CPU.ActiveCfg = Debug|Any CPU
		{B05BD776-6C75-420B-9AD4-58CC83DA3549}.Debug|Any CPU.Build.0 = Debug|Any CPU
		{B05BD776-6C75-420B-9AD4-58CC83DA3549}.DebugLocal|Any CPU.ActiveCfg = Debug|Any CPU
		{B05BD776-6C75-420B-9AD4-58CC83DA3549}.DebugLocal|Any CPU.Build.0 = Debug|Any CPU
		{B05BD776-6C75-420B-9AD4-58CC83DA3549}.Release|Any CPU.ActiveCfg = Release|Any CPU
		{B05BD776-6C75-420B-9AD4-58CC83DA3549}.Release|Any CPU.Build.0 = Release|Any CPU
		{A5D6F4DB-4F25-471A-93D9-560BD3C5F055}.Debug|Any CPU.ActiveCfg = Debug|Any CPU
		{A5D6F4DB-4F25-471A-93D9-560BD3C5F055}.Debug|Any CPU.Build.0 = Debug|Any CPU
		{A5D6F4DB-4F25-471A-93D9-560BD3C5F055}.DebugLocal|Any CPU.ActiveCfg = Debug|Any CPU
		{A5D6F4DB-4F25-471A-93D9-560BD3C5F055}.DebugLocal|Any CPU.Build.0 = Debug|Any CPU
		{A5D6F4DB-4F25-471A-93D9-560BD3C5F055}.Release|Any CPU.ActiveCfg = Release|Any CPU
		{A5D6F4DB-4F25-471A-93D9-560BD3C5F055}.Release|Any CPU.Build.0 = Release|Any CPU
		{4AB3FC40-F861-4CC1-8D69-39ABF496453B}.Debug|Any CPU.ActiveCfg = Debug|Any CPU
		{4AB3FC40-F861-4CC1-8D69-39ABF496453B}.Debug|Any CPU.Build.0 = Debug|Any CPU
		{4AB3FC40-F861-4CC1-8D69-39ABF496453B}.DebugLocal|Any CPU.ActiveCfg = Debug|Any CPU
		{4AB3FC40-F861-4CC1-8D69-39ABF496453B}.DebugLocal|Any CPU.Build.0 = Debug|Any CPU
		{4AB3FC40-F861-4CC1-8D69-39ABF496453B}.Release|Any CPU.ActiveCfg = Release|Any CPU
		{4AB3FC40-F861-4CC1-8D69-39ABF496453B}.Release|Any CPU.Build.0 = Release|Any CPU
		{E064F0A7-A17B-4FF5-9166-02BBEC468659}.Debug|Any CPU.ActiveCfg = Debug|Any CPU
		{E064F0A7-A17B-4FF5-9166-02BBEC468659}.Debug|Any CPU.Build.0 = Debug|Any CPU
		{E064F0A7-A17B-4FF5-9166-02BBEC468659}.DebugLocal|Any CPU.ActiveCfg = Debug|Any CPU
		{E064F0A7-A17B-4FF5-9166-02BBEC468659}.DebugLocal|Any CPU.Build.0 = Debug|Any CPU
		{E064F0A7-A17B-4FF5-9166-02BBEC468659}.Release|Any CPU.ActiveCfg = Release|Any CPU
		{E064F0A7-A17B-4FF5-9166-02BBEC468659}.Release|Any CPU.Build.0 = Release|Any CPU
		{A30F998D-DA68-4D5F-BBB6-E9A22E1A7B2C}.Debug|Any CPU.ActiveCfg = Debug|Any CPU
		{A30F998D-DA68-4D5F-BBB6-E9A22E1A7B2C}.Debug|Any CPU.Build.0 = Debug|Any CPU
		{A30F998D-DA68-4D5F-BBB6-E9A22E1A7B2C}.DebugLocal|Any CPU.ActiveCfg = Debug|Any CPU
		{A30F998D-DA68-4D5F-BBB6-E9A22E1A7B2C}.DebugLocal|Any CPU.Build.0 = Debug|Any CPU
		{A30F998D-DA68-4D5F-BBB6-E9A22E1A7B2C}.Release|Any CPU.ActiveCfg = Release|Any CPU
		{A30F998D-DA68-4D5F-BBB6-E9A22E1A7B2C}.Release|Any CPU.Build.0 = Release|Any CPU
		{102B5501-5501-403F-9044-F09DDE5644DF}.Debug|Any CPU.ActiveCfg = Debug|Any CPU
		{102B5501-5501-403F-9044-F09DDE5644DF}.Debug|Any CPU.Build.0 = Debug|Any CPU
		{102B5501-5501-403F-9044-F09DDE5644DF}.DebugLocal|Any CPU.ActiveCfg = Debug|Any CPU
		{102B5501-5501-403F-9044-F09DDE5644DF}.DebugLocal|Any CPU.Build.0 = Debug|Any CPU
		{102B5501-5501-403F-9044-F09DDE5644DF}.Release|Any CPU.ActiveCfg = Release|Any CPU
		{102B5501-5501-403F-9044-F09DDE5644DF}.Release|Any CPU.Build.0 = Release|Any CPU
		{54DC7178-4449-4099-8A65-D65E44AE16CB}.Debug|Any CPU.ActiveCfg = Debug|Any CPU
		{54DC7178-4449-4099-8A65-D65E44AE16CB}.Debug|Any CPU.Build.0 = Debug|Any CPU
		{54DC7178-4449-4099-8A65-D65E44AE16CB}.DebugLocal|Any CPU.ActiveCfg = Debug|Any CPU
		{54DC7178-4449-4099-8A65-D65E44AE16CB}.DebugLocal|Any CPU.Build.0 = Debug|Any CPU
		{54DC7178-4449-4099-8A65-D65E44AE16CB}.Release|Any CPU.ActiveCfg = Release|Any CPU
		{54DC7178-4449-4099-8A65-D65E44AE16CB}.Release|Any CPU.Build.0 = Release|Any CPU
		{1EAC9D16-0318-469A-9C33-0DBAADB837BF}.Debug|Any CPU.ActiveCfg = Debug|Any CPU
		{1EAC9D16-0318-469A-9C33-0DBAADB837BF}.Debug|Any CPU.Build.0 = Debug|Any CPU
		{1EAC9D16-0318-469A-9C33-0DBAADB837BF}.DebugLocal|Any CPU.ActiveCfg = Debug|Any CPU
		{1EAC9D16-0318-469A-9C33-0DBAADB837BF}.DebugLocal|Any CPU.Build.0 = Debug|Any CPU
		{1EAC9D16-0318-469A-9C33-0DBAADB837BF}.Release|Any CPU.ActiveCfg = Release|Any CPU
		{1EAC9D16-0318-469A-9C33-0DBAADB837BF}.Release|Any CPU.Build.0 = Release|Any CPU
		{57E5B907-FBA0-422F-AA96-BA6E4D043E2D}.Debug|Any CPU.ActiveCfg = Debug|Any CPU
		{57E5B907-FBA0-422F-AA96-BA6E4D043E2D}.Debug|Any CPU.Build.0 = Debug|Any CPU
		{57E5B907-FBA0-422F-AA96-BA6E4D043E2D}.DebugLocal|Any CPU.ActiveCfg = Debug|Any CPU
		{57E5B907-FBA0-422F-AA96-BA6E4D043E2D}.DebugLocal|Any CPU.Build.0 = Debug|Any CPU
		{57E5B907-FBA0-422F-AA96-BA6E4D043E2D}.Release|Any CPU.ActiveCfg = Release|Any CPU
		{57E5B907-FBA0-422F-AA96-BA6E4D043E2D}.Release|Any CPU.Build.0 = Release|Any CPU
		{15842C02-01A3-4C41-AEF1-7F3FD4F0C8EC}.Debug|Any CPU.ActiveCfg = Debug|Any CPU
		{15842C02-01A3-4C41-AEF1-7F3FD4F0C8EC}.Debug|Any CPU.Build.0 = Debug|Any CPU
		{15842C02-01A3-4C41-AEF1-7F3FD4F0C8EC}.DebugLocal|Any CPU.ActiveCfg = Debug|Any CPU
		{15842C02-01A3-4C41-AEF1-7F3FD4F0C8EC}.DebugLocal|Any CPU.Build.0 = Debug|Any CPU
		{15842C02-01A3-4C41-AEF1-7F3FD4F0C8EC}.Release|Any CPU.ActiveCfg = Release|Any CPU
		{15842C02-01A3-4C41-AEF1-7F3FD4F0C8EC}.Release|Any CPU.Build.0 = Release|Any CPU
		{32F8B4F8-9717-4CEB-8330-BF19E2D308C6}.Debug|Any CPU.ActiveCfg = Debug|Any CPU
		{32F8B4F8-9717-4CEB-8330-BF19E2D308C6}.Debug|Any CPU.Build.0 = Debug|Any CPU
		{32F8B4F8-9717-4CEB-8330-BF19E2D308C6}.DebugLocal|Any CPU.ActiveCfg = Debug|Any CPU
		{32F8B4F8-9717-4CEB-8330-BF19E2D308C6}.DebugLocal|Any CPU.Build.0 = Debug|Any CPU
		{32F8B4F8-9717-4CEB-8330-BF19E2D308C6}.Release|Any CPU.ActiveCfg = Release|Any CPU
		{32F8B4F8-9717-4CEB-8330-BF19E2D308C6}.Release|Any CPU.Build.0 = Release|Any CPU
		{121F114B-E3FD-47EE-80DB-060D9D838284}.Debug|Any CPU.ActiveCfg = Debug|Any CPU
		{121F114B-E3FD-47EE-80DB-060D9D838284}.Debug|Any CPU.Build.0 = Debug|Any CPU
		{121F114B-E3FD-47EE-80DB-060D9D838284}.DebugLocal|Any CPU.ActiveCfg = Debug|Any CPU
		{121F114B-E3FD-47EE-80DB-060D9D838284}.DebugLocal|Any CPU.Build.0 = Debug|Any CPU
		{121F114B-E3FD-47EE-80DB-060D9D838284}.Release|Any CPU.ActiveCfg = Release|Any CPU
		{121F114B-E3FD-47EE-80DB-060D9D838284}.Release|Any CPU.Build.0 = Release|Any CPU
		{E289F2F2-B232-46CA-B275-B18CC4EE8761}.Debug|Any CPU.ActiveCfg = Debug|Any CPU
		{E289F2F2-B232-46CA-B275-B18CC4EE8761}.Debug|Any CPU.Build.0 = Debug|Any CPU
		{E289F2F2-B232-46CA-B275-B18CC4EE8761}.DebugLocal|Any CPU.ActiveCfg = Debug|Any CPU
		{E289F2F2-B232-46CA-B275-B18CC4EE8761}.DebugLocal|Any CPU.Build.0 = Debug|Any CPU
		{E289F2F2-B232-46CA-B275-B18CC4EE8761}.Release|Any CPU.ActiveCfg = Release|Any CPU
		{E289F2F2-B232-46CA-B275-B18CC4EE8761}.Release|Any CPU.Build.0 = Release|Any CPU
		{06BBF2AF-54C0-4B6C-8ABB-9A870338489C}.Debug|Any CPU.ActiveCfg = Debug|Any CPU
		{06BBF2AF-54C0-4B6C-8ABB-9A870338489C}.Debug|Any CPU.Build.0 = Debug|Any CPU
		{06BBF2AF-54C0-4B6C-8ABB-9A870338489C}.DebugLocal|Any CPU.ActiveCfg = Debug|Any CPU
		{06BBF2AF-54C0-4B6C-8ABB-9A870338489C}.DebugLocal|Any CPU.Build.0 = Debug|Any CPU
		{06BBF2AF-54C0-4B6C-8ABB-9A870338489C}.Release|Any CPU.ActiveCfg = Release|Any CPU
		{06BBF2AF-54C0-4B6C-8ABB-9A870338489C}.Release|Any CPU.Build.0 = Release|Any CPU
		{4B47E5C0-D582-4F31-855D-D9B17629A84D}.Debug|Any CPU.ActiveCfg = Debug|Any CPU
		{4B47E5C0-D582-4F31-855D-D9B17629A84D}.Debug|Any CPU.Build.0 = Debug|Any CPU
		{4B47E5C0-D582-4F31-855D-D9B17629A84D}.DebugLocal|Any CPU.ActiveCfg = Debug|Any CPU
		{4B47E5C0-D582-4F31-855D-D9B17629A84D}.DebugLocal|Any CPU.Build.0 = Debug|Any CPU
		{4B47E5C0-D582-4F31-855D-D9B17629A84D}.Release|Any CPU.ActiveCfg = Release|Any CPU
		{4B47E5C0-D582-4F31-855D-D9B17629A84D}.Release|Any CPU.Build.0 = Release|Any CPU
		{58AD1E6B-23AD-4A18-A373-F2BF62C60DA0}.Debug|Any CPU.ActiveCfg = Debug|Any CPU
		{58AD1E6B-23AD-4A18-A373-F2BF62C60DA0}.Debug|Any CPU.Build.0 = Debug|Any CPU
		{58AD1E6B-23AD-4A18-A373-F2BF62C60DA0}.DebugLocal|Any CPU.ActiveCfg = Debug|Any CPU
		{58AD1E6B-23AD-4A18-A373-F2BF62C60DA0}.DebugLocal|Any CPU.Build.0 = Debug|Any CPU
		{58AD1E6B-23AD-4A18-A373-F2BF62C60DA0}.Release|Any CPU.ActiveCfg = Release|Any CPU
		{58AD1E6B-23AD-4A18-A373-F2BF62C60DA0}.Release|Any CPU.Build.0 = Release|Any CPU
		{C2EAD022-32BB-43AC-9B8B-4CD21F91CEB2}.Debug|Any CPU.ActiveCfg = Debug|Any CPU
		{C2EAD022-32BB-43AC-9B8B-4CD21F91CEB2}.Debug|Any CPU.Build.0 = Debug|Any CPU
		{C2EAD022-32BB-43AC-9B8B-4CD21F91CEB2}.DebugLocal|Any CPU.ActiveCfg = Debug|Any CPU
		{C2EAD022-32BB-43AC-9B8B-4CD21F91CEB2}.DebugLocal|Any CPU.Build.0 = Debug|Any CPU
		{C2EAD022-32BB-43AC-9B8B-4CD21F91CEB2}.Release|Any CPU.ActiveCfg = Release|Any CPU
		{C2EAD022-32BB-43AC-9B8B-4CD21F91CEB2}.Release|Any CPU.Build.0 = Release|Any CPU
		{8C5111B7-AC6C-4203-A3F3-381FAD6BAB4D}.Debug|Any CPU.ActiveCfg = Debug|Any CPU
		{8C5111B7-AC6C-4203-A3F3-381FAD6BAB4D}.Debug|Any CPU.Build.0 = Debug|Any CPU
		{8C5111B7-AC6C-4203-A3F3-381FAD6BAB4D}.DebugLocal|Any CPU.ActiveCfg = Debug|Any CPU
		{8C5111B7-AC6C-4203-A3F3-381FAD6BAB4D}.DebugLocal|Any CPU.Build.0 = Debug|Any CPU
		{8C5111B7-AC6C-4203-A3F3-381FAD6BAB4D}.Release|Any CPU.ActiveCfg = Release|Any CPU
		{8C5111B7-AC6C-4203-A3F3-381FAD6BAB4D}.Release|Any CPU.Build.0 = Release|Any CPU
		{E270646F-EBC5-47A0-A413-2CCA0AD9B9DF}.Debug|Any CPU.ActiveCfg = Debug|Any CPU
		{E270646F-EBC5-47A0-A413-2CCA0AD9B9DF}.Debug|Any CPU.Build.0 = Debug|Any CPU
		{E270646F-EBC5-47A0-A413-2CCA0AD9B9DF}.DebugLocal|Any CPU.ActiveCfg = Debug|Any CPU
		{E270646F-EBC5-47A0-A413-2CCA0AD9B9DF}.DebugLocal|Any CPU.Build.0 = Debug|Any CPU
		{E270646F-EBC5-47A0-A413-2CCA0AD9B9DF}.Release|Any CPU.ActiveCfg = Release|Any CPU
		{E270646F-EBC5-47A0-A413-2CCA0AD9B9DF}.Release|Any CPU.Build.0 = Release|Any CPU
		{1818896D-6D58-4262-87C8-DB3E6FCA5EB3}.Debug|Any CPU.ActiveCfg = Debug|Any CPU
		{1818896D-6D58-4262-87C8-DB3E6FCA5EB3}.Debug|Any CPU.Build.0 = Debug|Any CPU
		{1818896D-6D58-4262-87C8-DB3E6FCA5EB3}.DebugLocal|Any CPU.ActiveCfg = Debug|Any CPU
		{1818896D-6D58-4262-87C8-DB3E6FCA5EB3}.DebugLocal|Any CPU.Build.0 = Debug|Any CPU
		{1818896D-6D58-4262-87C8-DB3E6FCA5EB3}.Release|Any CPU.ActiveCfg = Release|Any CPU
		{1818896D-6D58-4262-87C8-DB3E6FCA5EB3}.Release|Any CPU.Build.0 = Release|Any CPU
		{CD91DFBB-F49B-45E3-A395-CD7EE2403BDE}.Debug|Any CPU.ActiveCfg = Debug|Any CPU
		{CD91DFBB-F49B-45E3-A395-CD7EE2403BDE}.Debug|Any CPU.Build.0 = Debug|Any CPU
		{CD91DFBB-F49B-45E3-A395-CD7EE2403BDE}.DebugLocal|Any CPU.ActiveCfg = Debug|Any CPU
		{CD91DFBB-F49B-45E3-A395-CD7EE2403BDE}.DebugLocal|Any CPU.Build.0 = Debug|Any CPU
		{CD91DFBB-F49B-45E3-A395-CD7EE2403BDE}.Release|Any CPU.ActiveCfg = Release|Any CPU
		{CD91DFBB-F49B-45E3-A395-CD7EE2403BDE}.Release|Any CPU.Build.0 = Release|Any CPU
		{07F7B5D0-4D97-4C75-BD16-9973EA2EBE4C}.Debug|Any CPU.ActiveCfg = Debug|Any CPU
		{07F7B5D0-4D97-4C75-BD16-9973EA2EBE4C}.Debug|Any CPU.Build.0 = Debug|Any CPU
		{07F7B5D0-4D97-4C75-BD16-9973EA2EBE4C}.DebugLocal|Any CPU.ActiveCfg = Debug|Any CPU
		{07F7B5D0-4D97-4C75-BD16-9973EA2EBE4C}.DebugLocal|Any CPU.Build.0 = Debug|Any CPU
		{07F7B5D0-4D97-4C75-BD16-9973EA2EBE4C}.Release|Any CPU.ActiveCfg = Release|Any CPU
		{07F7B5D0-4D97-4C75-BD16-9973EA2EBE4C}.Release|Any CPU.Build.0 = Release|Any CPU
		{0F2DE1BC-BB8F-4822-8D0A-ACF7F26C359F}.Debug|Any CPU.ActiveCfg = Debug|Any CPU
		{0F2DE1BC-BB8F-4822-8D0A-ACF7F26C359F}.Debug|Any CPU.Build.0 = Debug|Any CPU
		{0F2DE1BC-BB8F-4822-8D0A-ACF7F26C359F}.DebugLocal|Any CPU.ActiveCfg = Debug|Any CPU
		{0F2DE1BC-BB8F-4822-8D0A-ACF7F26C359F}.DebugLocal|Any CPU.Build.0 = Debug|Any CPU
		{0F2DE1BC-BB8F-4822-8D0A-ACF7F26C359F}.Release|Any CPU.ActiveCfg = Release|Any CPU
		{0F2DE1BC-BB8F-4822-8D0A-ACF7F26C359F}.Release|Any CPU.Build.0 = Release|Any CPU
		{6F83FCA3-9823-4572-AFD0-890740D37000}.Debug|Any CPU.ActiveCfg = Debug
		{6F83FCA3-9823-4572-AFD0-890740D37000}.Debug|Any CPU.Build.0 = Debug
		{6F83FCA3-9823-4572-AFD0-890740D37000}.Debug|Any CPU.Deploy.0 = Debug
		{6F83FCA3-9823-4572-AFD0-890740D37000}.DebugLocal|Any CPU.ActiveCfg = DebugLocal
		{6F83FCA3-9823-4572-AFD0-890740D37000}.DebugLocal|Any CPU.Build.0 = DebugLocal
		{6F83FCA3-9823-4572-AFD0-890740D37000}.Release|Any CPU.ActiveCfg = Release
		{6F83FCA3-9823-4572-AFD0-890740D37000}.Release|Any CPU.Build.0 = Release
		{6F83FCA3-9823-4572-AFD0-890740D37000}.Release|Any CPU.Deploy.0 = Release
		{4EC480B3-3C21-4C96-A6B2-58E45047CB49}.Debug|Any CPU.ActiveCfg = Debug|Any CPU
		{4EC480B3-3C21-4C96-A6B2-58E45047CB49}.Debug|Any CPU.Build.0 = Debug|Any CPU
		{4EC480B3-3C21-4C96-A6B2-58E45047CB49}.DebugLocal|Any CPU.ActiveCfg = Debug|Any CPU
		{4EC480B3-3C21-4C96-A6B2-58E45047CB49}.DebugLocal|Any CPU.Build.0 = Debug|Any CPU
		{4EC480B3-3C21-4C96-A6B2-58E45047CB49}.Release|Any CPU.ActiveCfg = Release|Any CPU
		{4EC480B3-3C21-4C96-A6B2-58E45047CB49}.Release|Any CPU.Build.0 = Release|Any CPU
		{8F25D8B4-F513-473E-8B5E-22E2B01B23D1}.Debug|Any CPU.ActiveCfg = Debug|Any CPU
		{8F25D8B4-F513-473E-8B5E-22E2B01B23D1}.Debug|Any CPU.Build.0 = Debug|Any CPU
		{8F25D8B4-F513-473E-8B5E-22E2B01B23D1}.DebugLocal|Any CPU.ActiveCfg = Debug|Any CPU
		{8F25D8B4-F513-473E-8B5E-22E2B01B23D1}.DebugLocal|Any CPU.Build.0 = Debug|Any CPU
		{8F25D8B4-F513-473E-8B5E-22E2B01B23D1}.Release|Any CPU.ActiveCfg = Release|Any CPU
		{8F25D8B4-F513-473E-8B5E-22E2B01B23D1}.Release|Any CPU.Build.0 = Release|Any CPU
	EndGlobalSection
	GlobalSection(SolutionProperties) = preSolution
		HideSolutionNode = FALSE
	EndGlobalSection
	GlobalSection(ExtensibilityGlobals) = postSolution
		SolutionGuid = {90E8652E-79B2-43A5-9EE9-8DA24B8D8D4A}
	EndGlobalSection
EndGlobal
